github.com/gregorip02/himod v0.0.0-20210910200003-4ae6abd780ce h1:FjSLOuH6bVvsq2Z9+HbDllih3YxYPvGp+4wTQ203n28=
github.com/gregorip02/himod v0.0.0-20210910200003-4ae6abd780ce/go.mod h1:oNw3Q1JeZFwvIrLQf61PfJSVM7FaaoO6mKsY5RwvQFw=
github.com/gregorip02/himod v0.0.0-20210910200417-eb5ba37f5573 h1:ZcSKiOhlm3KJkGi3xn48OoAk4uYCboV87TVOYBn70nM=
github.com/gregorip02/himod v0.0.0-20210910200417-eb5ba37f5573/go.mod h1:oNw3Q1JeZFwvIrLQf61PfJSVM7FaaoO6mKsY5RwvQFw=
github.com/gregorip02/himod v0.0.0-20210910202319-2e4db958537d h1:9BkhAYttzJRMB+N0wydCzPsDzF0hkRpju9fuTdGpazc=
github.com/gregorip02/himod v0.0.0-20210910202319-2e4db958537d/go.mod h1:oNw3Q1JeZFwvIrLQf61PfJSVM7FaaoO6mKsY5RwvQFw=
